
Microsoft Visual Studio Solution File, Format Version 12.00
# Visual Studio Version 17
VisualStudioVersion = 17.9.34701.34
MinimumVisualStudioVersion = 10.0.40219.1
Project("{8BC9CEB8-8B4A-11D0-8D11-00A0C91BC942}") = "Snake SP version", "Snake SP version.vcxproj", "{DA25B394-78E1-499E-A406-5CE1987F1A9D}"
EndProject
Global
	GlobalSection(SolutionConfigurationPlatforms) = preSolution
		Debug|x64 = Debug|x64
		Debug|x86 = Debug|x86
		Release|x64 = Release|x64
		Release|x86 = Release|x86
	EndGlobalSection
	GlobalSection(ProjectConfigurationPlatforms) = postSolution
		{DA25B394-78E1-499E-A406-5CE1987F1A9D}.Debug|x64.ActiveCfg = Debug|x64
		{DA25B394-78E1-499E-A406-5CE1987F1A9D}.Debug|x64.Build.0 = Debug|x64
		{DA25B394-78E1-499E-A406-5CE1987F1A9D}.Debug|x86.ActiveCfg = Debug|Win32
		{DA25B394-78E1-499E-A406-5CE1987F1A9D}.Debug|x86.Build.0 = Debug|Win32
		{DA25B394-78E1-499E-A406-5CE1987F1A9D}.Release|x64.ActiveCfg = Release|x64
		{DA25B394-78E1-499E-A406-5CE1987F1A9D}.Release|x64.Build.0 = Release|x64
		{DA25B394-78E1-499E-A406-5CE1987F1A9D}.Release|x86.ActiveCfg = Release|Win32
		{DA25B394-78E1-499E-A406-5CE1987F1A9D}.Release|x86.Build.0 = Release|Win32
	EndGlobalSection
	GlobalSection(SolutionProperties) = preSolution
		HideSolutionNode = FALSE
	EndGlobalSection
	GlobalSection(ExtensibilityGlobals) = postSolution
		SolutionGuid = {2A218826-8A49-457F-8702-1814A76DBE91}
	EndGlobalSection
EndGlobal
